
Microsoft Visual Studio Solution File, Format Version 12.00
# Visual Studio Version 17
VisualStudioVersion = 17.6.33829.357
MinimumVisualStudioVersion = 10.0.40219.1
Project("{FAE04EC0-301F-11D3-BF4B-00C04F79EFBC}") = "IsBulmaProject", "IsBulmaProject\IsBulmaProject.csproj", "{36524278-A982-422C-93D5-760C107E8422}"
EndProject
Global
	GlobalSection(SolutionConfigurationPlatforms) = preSolution
		Debug|Any CPU = Debug|Any CPU
		Release|Any CPU = Release|Any CPU
	EndGlobalSection
	GlobalSection(ProjectConfigurationPlatforms) = postSolution
		{36524278-A982-422C-93D5-760C107E8422}.Debug|Any CPU.ActiveCfg = Debug|Any CPU
		{36524278-A982-422C-93D5-760C107E8422}.Debug|Any CPU.Build.0 = Debug|Any CPU
		{36524278-A982-422C-93D5-760C107E8422}.Release|Any CPU.ActiveCfg = Release|Any CPU
		{36524278-A982-422C-93D5-760C107E8422}.Release|Any CPU.Build.0 = Release|Any CPU
	EndGlobalSection
	GlobalSection(SolutionProperties) = preSolution
		HideSolutionNode = FALSE
	EndGlobalSection
	GlobalSection(ExtensibilityGlobals) = postSolution
		SolutionGuid = {7FC2168D-85C1-47BB-AD6A-F6776A63D96C}
	EndGlobalSection
EndGlobal
